
Microsoft Visual Studio Solution File, Format Version 12.00
# Visual Studio 15
Project("{9344BDBB-3E7F-41FC-A0DD-8665D75EE146}") = "Dating-App-Backend", "Dating-App-Backend\Dating-App-Backend.csproj", "{602B1634-98EC-49FE-B549-9B58D56BA49F}"
EndProject
Global
	GlobalSection(SolutionConfigurationPlatforms) = preSolution
		Debug|Any CPU = Debug|Any CPU
		Release|Any CPU = Release|Any CPU
	EndGlobalSection
	GlobalSection(ProjectConfigurationPlatforms) = postSolution
		{602B1634-98EC-49FE-B549-9B58D56BA49F}.Debug|Any CPU.ActiveCfg = Debug|Any CPU
		{602B1634-98EC-49FE-B549-9B58D56BA49F}.Debug|Any CPU.Build.0 = Debug|Any CPU
		{602B1634-98EC-49FE-B549-9B58D56BA49F}.Release|Any CPU.ActiveCfg = Release|Any CPU
		{602B1634-98EC-49FE-B549-9B58D56BA49F}.Release|Any CPU.Build.0 = Release|Any CPU
	EndGlobalSection
EndGlobal
